
Microsoft Visual Studio Solution File, Format Version 12.00
# Visual Studio Version 16
VisualStudioVersion = 16.0.29025.244
MinimumVisualStudioVersion = 10.0.40219.1
Project("{8BC9CEB8-8B4A-11D0-8D11-00A0C91BC942}") = "EdgeDetectUsingOpenCV", "EdgeDetectUsingOpenCV\EdgeDetectUsingOpenCV.vcxproj", "{9C0C6E42-0D62-435C-B0C8-11E3F9EE5A28}"
EndProject
Global
	GlobalSection(SolutionConfigurationPlatforms) = preSolution
		Debug|x64 = Debug|x64
		Debug|x86 = Debug|x86
		Release|x64 = Release|x64
		Release|x86 = Release|x86
	EndGlobalSection
	GlobalSection(ProjectConfigurationPlatforms) = postSolution
		{9C0C6E42-0D62-435C-B0C8-11E3F9EE5A28}.Debug|x64.ActiveCfg = Debug|x64
		{9C0C6E42-0D62-435C-B0C8-11E3F9EE5A28}.Debug|x64.Build.0 = Debug|x64
		{9C0C6E42-0D62-435C-B0C8-11E3F9EE5A28}.Debug|x86.ActiveCfg = Debug|Win32
		{9C0C6E42-0D62-435C-B0C8-11E3F9EE5A28}.Debug|x86.Build.0 = Debug|Win32
		{9C0C6E42-0D62-435C-B0C8-11E3F9EE5A28}.Release|x64.ActiveCfg = Release|x64
		{9C0C6E42-0D62-435C-B0C8-11E3F9EE5A28}.Release|x64.Build.0 = Release|x64
		{9C0C6E42-0D62-435C-B0C8-11E3F9EE5A28}.Release|x86.ActiveCfg = Release|Win32
		{9C0C6E42-0D62-435C-B0C8-11E3F9EE5A28}.Release|x86.Build.0 = Release|Win32
	EndGlobalSection
	GlobalSection(SolutionProperties) = preSolution
		HideSolutionNode = FALSE
	EndGlobalSection
	GlobalSection(ExtensibilityGlobals) = postSolution
		SolutionGuid = {9725CAC4-55D2-4202-8D4C-6DAADBAF956E}
	EndGlobalSection
EndGlobal
